{
    "name": "script",
    "requires": true,
    "lockfileVersion": 1,
    "dependencies": {
        "acorn": {
            "version": "5.7.4",
            "resolved": "https://registry.npmjs.org/acorn/-/acorn-5.7.4.tgz",
            "integrity": "sha512-1D++VG7BhrtvQpNbBzovKNc1FLGGEE/oGe7b9xJm/RFHMBeUaUGpluV9RLjZa47YFdPcDAenEYuq9pQPcMdLJg=="
        },
        "arguments-extended": {
            "version": "0.0.3",
            "resolved": "https://registry.npmjs.org/arguments-extended/-/arguments-extended-0.0.3.tgz",
            "integrity": "sha1-YQfkkX0OtvCk3WYyD8Fa/HLvSUY=",
            "requires": {
                "extended": "~0.0.3",
                "is-extended": "~0.0.8"
            }
        },
        "array-extended": {
            "version": "0.0.11",
            "resolved": "https://registry.npmjs.org/array-extended/-/array-extended-0.0.11.tgz",
            "integrity": "sha1-1xRK50jek8pybxIQCdv/FibRZL0=",
            "requires": {
                "arguments-extended": "~0.0.3",
                "extended": "~0.0.3",
                "is-extended": "~0.0.3"
            }
        },
        "bcijs": {
            "version": "1.8.0",
            "resolved": "https://registry.npmjs.org/bcijs/-/bcijs-1.8.0.tgz",
            "integrity": "sha512-kszTBG1GNsSNV1boqBxstintf2KoqWoszuTKvbZYbV2AfURU/QpAta9FECtQFvmnM53BHnLtAHIGSe1+JCBvIw==",
            "requires": {
                "csvtojson": "^1.1.12",
                "easy-table": "^1.1.1",
                "edfjs": "^0.2.0",
                "fast-csv": "^2.5.0",
                "fft.js": "^4.0.3",
                "mathjs": "^6.6.5",
                "node-osc": "^2.1.0",
                "numeric": "^1.2.6",
                "pw-csp": "^1.0.1",
                "pw-lda": "^1.1.0",
                "pw-stat": "^1.0.1"
            }
        },
        "binpack": {
            "version": "0.1.0",
            "resolved": "https://registry.npmjs.org/binpack/-/binpack-0.1.0.tgz",
            "integrity": "sha1-vT0JdMPyoERuF99PYLVacqIFqX4="
        },
        "brain.js": {
            "version": "1.6.1",
            "resolved": "https://registry.npmjs.org/brain.js/-/brain.js-1.6.1.tgz",
            "integrity": "sha512-c+qrOGoW9VvIohTf70MQCjNzrunXVWI09CT27BZ/lZb6nObGxkdP10c4g9Ztnd8WFJijGdh3veh1A1vk/daIUA==",
            "requires": {
                "gpu.js": "^1.10.4",
                "thaw.js": "^2.0.0"
            }
        },
        "clone": {
            "version": "1.0.4",
            "resolved": "https://registry.npmjs.org/clone/-/clone-1.0.4.tgz",
            "integrity": "sha1-2jCcwmPfFZlMaIypAheco8fNfH4=",
            "optional": true
        },
        "complex.js": {
            "version": "2.0.13",
            "resolved": "https://registry.npmjs.org/complex.js/-/complex.js-2.0.13.tgz",
            "integrity": "sha512-UEWd3G3/kd3lJmsdLsDh9qfinJlujL4hIFn3Vo4/G5eqehPsgCHf2CLhFs77tVkOp2stt/jbNit7Q1XFANFltA=="
        },
        "csvtojson": {
            "version": "1.1.12",
            "resolved": "https://registry.npmjs.org/csvtojson/-/csvtojson-1.1.12.tgz",
            "integrity": "sha512-gJg1II2uXh8H6XP7L1YzX/6H8rrUbSTiEg4SaI6/pHOcnZovwAR3Rmm9TizSsGQBBXl1pb/JJPlaImV2YIuMrg==",
            "requires": {
                "lodash": "^4.17.3",
                "strip-bom": "^2.0.0"
            }
        },
        "date-extended": {
            "version": "0.0.6",
            "resolved": "https://registry.npmjs.org/date-extended/-/date-extended-0.0.6.tgz",
            "integrity": "sha1-I4AtV90b94GIE/4MMuhRqG2iZ8k=",
            "requires": {
                "array-extended": "~0.0.3",
                "extended": "~0.0.3",
                "is-extended": "~0.0.3"
            }
        },
        "decimal.js": {
            "version": "10.2.1",
            "resolved": "https://registry.npmjs.org/decimal.js/-/decimal.js-10.2.1.tgz",
            "integrity": "sha512-KaL7+6Fw6i5A2XSnsbhm/6B+NuEA7TZ4vqxnd5tXz9sbKtrN9Srj8ab4vKVdK8YAqZO9P1kg45Y6YLoduPf+kw=="
        },
        "declare.js": {
            "version": "0.0.8",
            "resolved": "https://registry.npmjs.org/declare.js/-/declare.js-0.0.8.tgz",
            "integrity": "sha1-BHit/5VkwAT1Hfc9i8E0AZ0o3N4="
        },
        "defaults": {
            "version": "1.0.3",
            "resolved": "https://registry.npmjs.org/defaults/-/defaults-1.0.3.tgz",
            "integrity": "sha1-xlYFHpgX2f8I7YgUd/P+QBnz730=",
            "optional": true,
            "requires": {
                "clone": "^1.0.2"
            }
        },
        "easy-table": {
            "version": "1.1.1",
            "resolved": "https://registry.npmjs.org/easy-table/-/easy-table-1.1.1.tgz",
            "integrity": "sha512-C9Lvm0WFcn2RgxbMnTbXZenMIWcBtkzMr+dWqq/JsVoGFSVUVlPqeOa5LP5kM0I3zoOazFpckOEb2/0LDFfToQ==",
            "requires": {
                "ansi-regex": "^3.0.0",
                "wcwidth": ">=1.0.1"
            },
            "dependencies": {
                "ansi-regex": {
                    "version": "3.0.0",
                    "resolved": "https://registry.npmjs.org/ansi-regex/-/ansi-regex-3.0.0.tgz",
                    "integrity": "sha1-7QMXwyIGT3lGbAKWa922Bas32Zg="
                }
            }
        },
        "edfjs": {
            "version": "0.2.0",
            "resolved": "https://registry.npmjs.org/edfjs/-/edfjs-0.2.0.tgz",
            "integrity": "sha1-HNk2pXDejnoGcONVtsIWGlgdQJA="
        },
        "escape-latex": {
            "version": "1.2.0",
            "resolved": "https://registry.npmjs.org/escape-latex/-/escape-latex-1.2.0.tgz",
            "integrity": "sha512-nV5aVWW1K0wEiUIEdZ4erkGGH8mDxGyxSeqPzRNtWP7ataw+/olFObw7hujFWlVjNsaDFw5VZ5NzVSIqRgfTiw=="
        },
        "extended": {
            "version": "0.0.6",
            "resolved": "https://registry.npmjs.org/extended/-/extended-0.0.6.tgz",
            "integrity": "sha1-f7i/e52uOXWG5IVwrP1kLHjlBmk=",
            "requires": {
                "extender": "~0.0.5"
            }
        },
        "extender": {
            "version": "0.0.10",
            "resolved": "https://registry.npmjs.org/extender/-/extender-0.0.10.tgz",
            "integrity": "sha1-WJwHSCvmGhRgttgfnCSqZ+jzJM0=",
            "requires": {
                "declare.js": "~0.0.4"
            }
        },
        "fast-csv": {
            "version": "2.5.0",
            "resolved": "https://registry.npmjs.org/fast-csv/-/fast-csv-2.5.0.tgz",
            "integrity": "sha512-M/9ezLU9/uDwvDZTt9sNFJa0iLDUsbhYJwPtnE0D9MjeuB6DY9wRCyUPZta9iI6cSz5wBWGaUPL61QH8h92cNA==",
            "requires": {
                "extended": "0.0.6",
                "is-extended": "0.0.10",
                "object-extended": "0.0.7",
                "safer-buffer": "^2.1.2",
                "string-extended": "0.0.8"
            }
        },
        "fft.js": {
            "version": "4.0.4",
            "resolved": "https://registry.npmjs.org/fft.js/-/fft.js-4.0.4.tgz",
            "integrity": "sha512-f9c00hphOgeQTlDyavwTtu6RiK8AIFjD6+jvXkNkpeQ7rirK3uFWVpalkoS4LAwbdX7mfZ8aoBfFVQX1Re/8aw=="
        },
        "fili": {
            "version": "2.0.3",
            "resolved": "https://registry.npmjs.org/fili/-/fili-2.0.3.tgz",
            "integrity": "sha512-NW/EY++EMP9f4mSpVCjg5PJnAkkxzh170My+R18sh4CSXu3Puxw3Cs4aQmXoUtNg1EonZmvmR5TLcKEJtX5hQg=="
        },
        "fraction.js": {
            "version": "4.1.1",
            "resolved": "https://registry.npmjs.org/fraction.js/-/fraction.js-4.1.1.tgz",
            "integrity": "sha512-MHOhvvxHTfRFpF1geTK9czMIZ6xclsEor2wkIGYYq+PxcQqT7vStJqjhe6S1TenZrMZzo+wlqOufBDVepUEgPg=="
        },
        "gpu.js": {
            "version": "1.10.4",
            "resolved": "https://registry.npmjs.org/gpu.js/-/gpu.js-1.10.4.tgz",
            "integrity": "sha512-qh5O1LXwwkhGOpEicR9SnQB7xduUDY5rKGPWj9yOFLNI90bX+mReooGQjnL3iZ08btBOT0zQGu9wKA+gGy2BhQ==",
            "requires": {
                "acorn": "^5.1.1"
            }
        },
        "is-extended": {
            "version": "0.0.10",
            "resolved": "https://registry.npmjs.org/is-extended/-/is-extended-0.0.10.tgz",
            "integrity": "sha1-JE4UDfdbscmjEG9BL/GC+1NKbWI=",
            "requires": {
                "extended": "~0.0.3"
            }
        },
        "is-utf8": {
            "version": "0.2.1",
            "resolved": "https://registry.npmjs.org/is-utf8/-/is-utf8-0.2.1.tgz",
            "integrity": "sha1-Sw2hRCEE0bM2NA6AeX6GXPOffXI="
        },
        "javascript-natural-sort": {
            "version": "0.7.1",
            "resolved": "https://registry.npmjs.org/javascript-natural-sort/-/javascript-natural-sort-0.7.1.tgz",
            "integrity": "sha1-+eIwPUUH9tdDVac2ZNFED7Wg71k="
        },
        "jspack": {
            "version": "0.0.4",
            "resolved": "https://registry.npmjs.org/jspack/-/jspack-0.0.4.tgz",
            "integrity": "sha1-Mt01x/3LPjRWwY+7fvntC8YjgXc="
        },
        "lodash": {
            "version": "4.17.21",
            "resolved": "https://registry.npmjs.org/lodash/-/lodash-4.17.21.tgz",
            "integrity": "sha512-v2kDEe57lecTulaDIuNTPy3Ry4gLGJ6Z1O3vE1krgXZNrsQ+LFTGHVxVjcXPs17LhbZVGedAJv8XZ1tvj5FvSg=="
        },
        "mathjs": {
            "version": "6.6.5",
            "resolved": "https://registry.npmjs.org/mathjs/-/mathjs-6.6.5.tgz",
            "integrity": "sha512-jvRqk7eoEHBcx/lskmy05m+8M7xDHAJcJzRJoqIsqExtlTHPDQO0Zv85g5F0rasDAXF+DLog/70hcqCJijSzPQ==",
            "requires": {
                "complex.js": "^2.0.11",
                "decimal.js": "^10.2.0",
                "escape-latex": "^1.2.0",
                "fraction.js": "^4.0.12",
                "javascript-natural-sort": "^0.7.1",
                "seed-random": "^2.2.0",
                "tiny-emitter": "^2.1.0",
                "typed-function": "^1.1.1"
            }
        },
        "node-osc": {
            "version": "2.1.0",
            "resolved": "https://registry.npmjs.org/node-osc/-/node-osc-2.1.0.tgz",
            "integrity": "sha1-23FPmM+aXIQ17pnceAZSi3gjoZA=",
            "requires": {
                "jspack": "0.0.4",
                "osc-min": "^1.1.1",
                "semver": "^5.1.0"
            }
        },
        "numeric": {
            "version": "1.2.6",
            "resolved": "https://registry.npmjs.org/numeric/-/numeric-1.2.6.tgz",
            "integrity": "sha1-dlsCvvl5iPz4gNTrPza4D6MTNao="
        },
        "object-extended": {
            "version": "0.0.7",
            "resolved": "https://registry.npmjs.org/object-extended/-/object-extended-0.0.7.tgz",
            "integrity": "sha1-hP0j9WsVWCrrPoiwXLVdJDLWijM=",
            "requires": {
                "array-extended": "~0.0.4",
                "extended": "~0.0.3",
                "is-extended": "~0.0.3"
            }
        },
        "osc-min": {
            "version": "1.1.2",
            "resolved": "https://registry.npmjs.org/osc-min/-/osc-min-1.1.2.tgz",
            "integrity": "sha512-8DbiO8ME85R75stgNVCZtHxB9MNBBNcyy+isNBXrsFeinXGjwNAauvKVmGlfRas5VJWC/mhzIx7spR2gFvWxvg==",
            "requires": {
                "binpack": "~0"
            }
        },
        "papaparse": {
            "version": "5.3.0",
            "resolved": "https://registry.npmjs.org/papaparse/-/papaparse-5.3.0.tgz",
            "integrity": "sha512-Lb7jN/4bTpiuGPrYy4tkKoUS8sTki8zacB5ke1p5zolhcSE4TlWgrlsxjrDTbG/dFVh07ck7X36hUf/b5V68pg=="
        },
        "pw-csp": {
            "version": "1.0.1",
            "resolved": "https://registry.npmjs.org/pw-csp/-/pw-csp-1.0.1.tgz",
            "integrity": "sha512-Xs4nqBtpDdpVrOS7r60yvU7gq6e8Dzo0zzsMo6Ahs6qB2aEVE71IPw4YgjYnk1XhpIhJ656ZY7jJws7CAsyyjQ==",
            "requires": {
                "mathjs": "^3.16.5",
                "numeric": "^1.2.6",
                "pw-stat": "^1.0.0"
            },
            "dependencies": {
                "complex.js": {
                    "version": "2.0.4",
                    "resolved": "https://registry.npmjs.org/complex.js/-/complex.js-2.0.4.tgz",
                    "integrity": "sha512-Syl95HpxUTS0QjwNxencZsKukgh1zdS9uXeXX2Us0pHaqBR6kiZZi0AkZ9VpZFwHJyVIUVzI4EumjWdXP3fy6w=="
                },
                "decimal.js": {
                    "version": "9.0.1",
                    "resolved": "https://registry.npmjs.org/decimal.js/-/decimal.js-9.0.1.tgz",
                    "integrity": "sha512-2h0iKbJwnImBk4TGk7CG1xadoA0g3LDPlQhQzbZ221zvG0p2YVUedbKIPsOZXKZGx6YmZMJKYOalpCMxSdDqTQ=="
                },
                "fraction.js": {
                    "version": "4.0.4",
                    "resolved": "https://registry.npmjs.org/fraction.js/-/fraction.js-4.0.4.tgz",
                    "integrity": "sha512-aK/oGatyYLTtXRHjfEsytX5fieeR5H4s8sLorzcT12taFS+dbMZejnvm9gRa8mZAPwci24ucjq9epDyaq5u8Iw=="
                },
                "mathjs": {
                    "version": "3.20.2",
                    "resolved": "https://registry.npmjs.org/mathjs/-/mathjs-3.20.2.tgz",
                    "integrity": "sha512-3f6/+uf1cUtIz1rYFz775wekl/UEDSQ3mU6xdxW7qzpvvhc2v28i3UtLsGTRB+u8OqDWoSX6Dz8gehaGFs6tCA==",
                    "requires": {
                        "complex.js": "2.0.4",
                        "decimal.js": "9.0.1",
                        "escape-latex": "^1.0.0",
                        "fraction.js": "4.0.4",
                        "javascript-natural-sort": "0.7.1",
                        "seed-random": "2.2.0",
                        "tiny-emitter": "2.0.2",
                        "typed-function": "0.10.7"
                    }
                },
                "tiny-emitter": {
                    "version": "2.0.2",
                    "resolved": "https://registry.npmjs.org/tiny-emitter/-/tiny-emitter-2.0.2.tgz",
                    "integrity": "sha512-2NM0auVBGft5tee/OxP4PI3d8WItkDM+fPnaRAVo6xTDI2knbz9eC5ArWGqtGlYqiH3RU5yMpdyTTO7MguC4ow=="
                },
                "typed-function": {
                    "version": "0.10.7",
                    "resolved": "https://registry.npmjs.org/typed-function/-/typed-function-0.10.7.tgz",
                    "integrity": "sha512-3mlZ5AwRMbLvUKkc8a1TI4RUJUS2H27pmD5q0lHRObgsoWzhDAX01yg82kwSP1FUw922/4Y9ZliIEh0qJZcz+g=="
                }
            }
        },
        "pw-lda": {
            "version": "1.1.0",
            "resolved": "https://registry.npmjs.org/pw-lda/-/pw-lda-1.1.0.tgz",
            "integrity": "sha512-kuCiAlS3UMtys9D8rOZuYg1KoWg2k/6PY7ttYoAVCQLkIaGw3sE54Qsr3wOzJRKuXSZNWsoCPQwXPOWKYicDTQ==",
            "requires": {
                "mathjs": "^3.20.2",
                "pw-stat": "^1.0.1"
            },
            "dependencies": {
                "complex.js": {
                    "version": "2.0.4",
                    "resolved": "https://registry.npmjs.org/complex.js/-/complex.js-2.0.4.tgz",
                    "integrity": "sha512-Syl95HpxUTS0QjwNxencZsKukgh1zdS9uXeXX2Us0pHaqBR6kiZZi0AkZ9VpZFwHJyVIUVzI4EumjWdXP3fy6w=="
                },
                "decimal.js": {
                    "version": "9.0.1",
                    "resolved": "https://registry.npmjs.org/decimal.js/-/decimal.js-9.0.1.tgz",
                    "integrity": "sha512-2h0iKbJwnImBk4TGk7CG1xadoA0g3LDPlQhQzbZ221zvG0p2YVUedbKIPsOZXKZGx6YmZMJKYOalpCMxSdDqTQ=="
                },
                "fraction.js": {
                    "version": "4.0.4",
                    "resolved": "https://registry.npmjs.org/fraction.js/-/fraction.js-4.0.4.tgz",
                    "integrity": "sha512-aK/oGatyYLTtXRHjfEsytX5fieeR5H4s8sLorzcT12taFS+dbMZejnvm9gRa8mZAPwci24ucjq9epDyaq5u8Iw=="
                },
                "mathjs": {
                    "version": "3.20.2",
                    "resolved": "https://registry.npmjs.org/mathjs/-/mathjs-3.20.2.tgz",
                    "integrity": "sha512-3f6/+uf1cUtIz1rYFz775wekl/UEDSQ3mU6xdxW7qzpvvhc2v28i3UtLsGTRB+u8OqDWoSX6Dz8gehaGFs6tCA==",
                    "requires": {
                        "complex.js": "2.0.4",
                        "decimal.js": "9.0.1",
                        "escape-latex": "^1.0.0",
                        "fraction.js": "4.0.4",
                        "javascript-natural-sort": "0.7.1",
                        "seed-random": "2.2.0",
                        "tiny-emitter": "2.0.2",
                        "typed-function": "0.10.7"
                    }
                },
                "tiny-emitter": {
                    "version": "2.0.2",
                    "resolved": "https://registry.npmjs.org/tiny-emitter/-/tiny-emitter-2.0.2.tgz",
                    "integrity": "sha512-2NM0auVBGft5tee/OxP4PI3d8WItkDM+fPnaRAVo6xTDI2knbz9eC5ArWGqtGlYqiH3RU5yMpdyTTO7MguC4ow=="
                },
                "typed-function": {
                    "version": "0.10.7",
                    "resolved": "https://registry.npmjs.org/typed-function/-/typed-function-0.10.7.tgz",
                    "integrity": "sha512-3mlZ5AwRMbLvUKkc8a1TI4RUJUS2H27pmD5q0lHRObgsoWzhDAX01yg82kwSP1FUw922/4Y9ZliIEh0qJZcz+g=="
                }
            }
        },
        "pw-stat": {
            "version": "1.0.1",
            "resolved": "https://registry.npmjs.org/pw-stat/-/pw-stat-1.0.1.tgz",
            "integrity": "sha512-YpWzep/GuchBqdENa/ZvSZMnEmiCqJGhXJ3Xkm1413DonYP6sTSwOb8ad8uihxG7w6ToWsvGnbhRRoNmmj+yjw=="
        },
        "safer-buffer": {
            "version": "2.1.2",
            "resolved": "https://registry.npmjs.org/safer-buffer/-/safer-buffer-2.1.2.tgz",
            "integrity": "sha512-YZo3K82SD7Riyi0E1EQPojLz7kpepnSQI9IyPbHHg1XXXevb5dJI7tpyN2ADxGcQbHG7vcyRHk0cbwqcQriUtg=="
        },
        "seed-random": {
            "version": "2.2.0",
            "resolved": "https://registry.npmjs.org/seed-random/-/seed-random-2.2.0.tgz",
            "integrity": "sha1-KpsZ4lCoFwmSMaW5mk2vgLf77VQ="
        },
        "semver": {
            "version": "5.7.1",
            "resolved": "https://registry.npmjs.org/semver/-/semver-5.7.1.tgz",
            "integrity": "sha512-sauaDf/PZdVgrLTNYHRtpXa1iRiKcaebiKQ1BJdpQlWH2lCvexQdX55snPFyK7QzpudqbCI0qXFfOasHdyNDGQ=="
        },
        "string-extended": {
            "version": "0.0.8",
            "resolved": "https://registry.npmjs.org/string-extended/-/string-extended-0.0.8.tgz",
            "integrity": "sha1-dBlX3/SHsCcqee7FpE8jnubxfM0=",
            "requires": {
                "array-extended": "~0.0.5",
                "date-extended": "~0.0.3",
                "extended": "~0.0.3",
                "is-extended": "~0.0.3"
            }
        },
        "strip-bom": {
            "version": "2.0.0",
            "resolved": "https://registry.npmjs.org/strip-bom/-/strip-bom-2.0.0.tgz",
            "integrity": "sha1-YhmoVhZSBJHzV4i9vxRHqZx+aw4=",
            "requires": {
                "is-utf8": "^0.2.0"
            }
        },
        "thaw.js": {
            "version": "2.1.4",
            "resolved": "https://registry.npmjs.org/thaw.js/-/thaw.js-2.1.4.tgz",
            "integrity": "sha512-si9DSzEzOBUpbE41wE4Q6NXzXDYZfrniYocrduNtNDwLWj1Auueq8UzgePMQa5gfcQtVCG2OmlCTaHldtno3Vw=="
        },
        "tiny-emitter": {
            "version": "2.1.0",
            "resolved": "https://registry.npmjs.org/tiny-emitter/-/tiny-emitter-2.1.0.tgz",
            "integrity": "sha512-NB6Dk1A9xgQPMoGqC5CVXn123gWyte215ONT5Pp5a0yt4nlEoO1ZWeCwpncaekPHXO60i47ihFnZPiRPjRMq4Q=="
        },
        "typed-function": {
            "version": "1.1.1",
            "resolved": "https://registry.npmjs.org/typed-function/-/typed-function-1.1.1.tgz",
            "integrity": "sha512-RbN7MaTQBZLJYzDENHPA0nUmWT0Ex80KHItprrgbTPufYhIlTePvCXZxyQK7wgn19FW5bnuaBIKcBb5mRWjB1Q=="
        },
        "wcwidth": {
            "version": "1.0.1",
            "resolved": "https://registry.npmjs.org/wcwidth/-/wcwidth-1.0.1.tgz",
            "integrity": "sha1-8LDc+RW8X/FSivrbLA4XtTLaL+g=",
            "optional": true,
            "requires": {
                "defaults": "^1.0.3"
            }
        }
    }
}
