#MicroXplorer Configuration settings - do not modify
Mcu.Family=STM32WB
ProjectManager.MainLocation=Core/Src
STM32_WPAN.GAP_PERIPHERAL_ROLE=1
RCC.USART1Freq_Value=32000000
RCC.SAI1Freq_Value=48000000
RCC.CortexFreq_Value=32000000
STM32_WPAN.SERVICE2_UUID_TYPE=0x01
ProjectManager.KeepUserCode=true
RF1.Locked=true
Mcu.UserName=STM32WB55RGVx
STM32_WPAN.SERVICE1_CHAR1_GATT_NOTIFY_ATTRIBUTE_WRITE=\ 
RF1.Signal=RF_RF1
Dma.USART1_TX.0.RequestNumber=1
RCC.RFWKPFreq_Value=32768
STM32_WPAN.SERVICE2_TYPE=PRIMARY_SERVICE
Dma.USART1_TX.0.SignalID=NONE
RCC.PLLSAI1RoutputFreq_Value=48000000
STM32_WPAN.CUSTOM_TEMPLATE=Enabled
ProjectManager.functionlistsort=1-MX_GPIO_Init-GPIO-false-HAL-true,2-MX_DMA_Init-DMA-false-HAL-true,3-SystemClock_Config-RCC-false-HAL-false,4-MX_RF_Init-RF-false-HAL-true,5-MX_RTC_Init-RTC-false-HAL-true,6-APPE_Init-STM32_WPAN-false-HAL-false,7-MX_ADC1_Init-ADC1-false-HAL-true,8-MX_USART1_UART_Init-USART1-false-HAL-true,0-MX_HSEM_Init-HSEM-false-HAL-true
VP_RTC_VS_RTC_Activate.Mode=RTC_Enabled
RCC.RTCFreq_Value=32768
USART1.IPParameters=VirtualMode-Asynchronous
PinOutPanel.RotationAngle=0
VP_SEQUENCER_VS_SEQUENCER.Signal=SEQUENCER_VS_SEQUENCER
RCC.MCO1PinFreq_Value=32000000
RCC.SYSCLKSource=RCC_SYSCLKSOURCE_HSE
ProjectManager.StackSize=0x400
STM32_WPAN.AD_SERVICE_CLASS_UUID_NBR=2
STM32_WPAN.INCLUDE_AD_TYPE_16_BIT_SERV_UUID_CMPLT_LIST=1
STM32_WPAN.SERVICE2_SHORT_NAME=eserv
RCC.I2C3Freq_Value=32000000
RCC.LPTIM1Freq_Value=32000000
Mcu.IP4=RCC
RCC.FCLKCortexFreq_Value=32000000
Mcu.IP5=RF
Mcu.IP2=HSEM
NVIC.SVCall_IRQn=true\:0\:0\:false\:false\:true\:false\:false
STM32_WPAN.SERVICE2_CHAR1_GATT_NOTIFY_WRITE_REQ_AND_WAIT_FOR_APPL_RESP=\ 
Mcu.IP3=NVIC
Mcu.IP0=ADC1
Mcu.IP1=DMA
Dma.USART1_TX.0.Priority=DMA_PRIORITY_LOW
STM32_WPAN.SERVICE2_CHAR1_UUID=2A 37
STM32_WPAN.NUMBER_OF_SERVICES=2
Mcu.UserConstants=
Dma.USART1_TX.0.Direction=DMA_MEMORY_TO_PERIPH
Dma.USART1_TX.0.SyncPolarity=HAL_DMAMUX_SYNC_NO_EVENT
STM32_WPAN.SERVICE1_UUID_TYPE=0x01
RCC.VCOSAI1OutputFreq_Value=96000000
Mcu.ThirdPartyNb=0
STM32_WPAN.SERVICE2_CHAR1_UUID_TYPE=0x01
RCC.HCLKFreq_Value=32000000
Mcu.IPNb=12
STM32_WPAN.LOCAL_NAME=ABC123
ProjectManager.PreviousToolchain=
RCC.APB2TimFreq_Value=32000000
PCC.Ble.PowerLevel=Min
PB6.Signal=USART1_TX
PB6.Mode=Asynchronous
Mcu.Pin6=PB0
Mcu.Pin7=PB1
Mcu.Pin8=PB5
OSC_OUT.Mode=HSE-External-Oscillator
Mcu.Pin9=PB6
STM32_WPAN.SERVICE1_CHAR1_PROP_READ=CHAR_PROP_READ
OSC_OUT.Signal=RCC_OSC_OUT
RCC.AHBFreq_Value=32000000
Mcu.Pin0=PC14-OSC32_IN
Mcu.Pin1=PC15-OSC32_OUT
GPIO.groupedBy=Group By Peripherals
Mcu.Pin2=PC0
Mcu.Pin3=RF1
Mcu.Pin4=OSC_OUT
Mcu.Pin5=OSC_IN
ADC1.Channel-0\#ChannelRegularConversion=ADC_CHANNEL_1
ProjectManager.ProjectBuild=false
RCC.HSE_VALUE=32000000
NVIC.UsageFault_IRQn=true\:0\:0\:false\:false\:true\:false\:false
NVIC.DebugMonitor_IRQn=true\:0\:0\:false\:false\:true\:false\:false
Mcu.IP10=TINY_LPM
NVIC.SysTick_IRQn=true\:0\:0\:false\:false\:true\:false\:true
RCC.RTCClockSelection=RCC_RTCCLKSOURCE_LSE
Mcu.IP11=USART1
STM32_WPAN.SERVICE1_CHAR1_UUID=2A 19
ProjectManager.FirmwarePackage=STM32Cube FW_WB V1.11.1
MxDb.Version=DB.6.0.21
STM32_WPAN.SERVICE1_UUID=18 0F
ProjectManager.BackupPrevious=false
PC14-OSC32_IN.Mode=LSE-External-Oscillator
RCC.VCOInputFreq_Value=4000000
STM32_WPAN.SERVICE1_SHORT_NAME=bserv
NVIC.DMA2_Channel4_IRQn=true\:0\:0\:false\:false\:true\:false\:true
SH.ADCx_IN1.ConfNb=1
File.Version=6
Dma.USART1_TX.0.SyncRequestNumber=1
STM32_WPAN.SERVICE2_UUID=18 0D
PB7.Signal=USART1_RX
RCC.PLLRCLKFreq_Value=16000000
STM32_WPAN.INCLUDE_AD_TYPE_SHORTENED_LOCAL_NAME=1
PB6.Locked=true
NVIC.PendSV_IRQn=true\:0\:0\:false\:false\:true\:false\:false
Dma.USART1_TX.0.PeriphDataAlignment=DMA_PDATAALIGN_BYTE
STM32_WPAN.SERVICE2_LONG_NAME=eeg_service
Dma.RequestsNb=1
ProjectManager.HalAssertFull=false
PB0.Locked=true
ADC1.SamplingTime-0\#ChannelRegularConversion=ADC_SAMPLETIME_2CYCLES_5
ProjectManager.ProjectName=temp
RCC.APB3Freq_Value=16000000
NVIC.HSEM_IRQn=true\:0\:0\:false\:false\:true\:false\:true
Mcu.Package=VFQFPN68
PB1.Signal=GPIO_Output
STM32_WPAN.SERVICE2_CHAR1_LONG_NAME=eeg_value
ProjectManager.ToolChainLocation=
RCC.LSI_VALUE=32000
VP_SYS_VS_Systick.Signal=SYS_VS_Systick
RCC.LSCOPinFreq_Value=32000
Dma.USART1_TX.0.Instance=DMA2_Channel4
VP_STM32_WPAN_VS_BLE_HOST.Signal=STM32_WPAN_VS_BLE_HOST
VP_TINY_LPM_VS_TINY_LPM.Mode=TINY_LPM_Enabled
SH.ADCx_IN1.0=ADC1_IN1,IN1-Single-Ended
VP_HSEM_VS_HSEM.Mode=HSEM_Activate
STM32_WPAN.CFG_GAP_DEVICE_NAME=DEABrain
RCC.PLLPoutputFreq_Value=16000000
RCC.APB1TimFreq_Value=32000000
Dma.USART1_TX.0.EventEnable=DISABLE
NVIC.BusFault_IRQn=true\:0\:0\:false\:false\:true\:false\:false
RCC.LPUART1Freq_Value=32000000
STM32_WPAN.SERVICE1_CHAR1_UUID_TYPE=0x01
Dma.Request0=USART1_TX
ProjectManager.CustomerFirmwarePackage=
PC14-OSC32_IN.Locked=true
RCC.HSI48_VALUE=48000000
RCC.PLLSAI1N=24
VP_RTC_VS_RTC_Activate.Signal=RTC_VS_RTC_Activate
Dma.USART1_TX.0.SyncSignalID=NONE
PCC.Ble.Mode=NOT_SELECTED
PC15-OSC32_OUT.Mode=LSE-External-Oscillator
STM32_WPAN.SERVICE1_TYPE=PRIMARY_SERVICE
RCC.PLLQoutputFreq_Value=16000000
ProjectManager.ProjectFileName=temp.ioc
RCC.SMPSFreq_Value=8000000
Dma.USART1_TX.0.MemInc=DMA_MINC_ENABLE
ADC1.Rank-0\#ChannelRegularConversion=1
Dma.USART1_TX.0.PeriphInc=DMA_PINC_DISABLE
VP_STM32_WPAN_VS_BLE_HOST.Mode=STM32_WPAN_Enabled
Mcu.PinsNb=17
ProjectManager.NoMain=false
ADC1.IPParameters=Rank-0\#ChannelRegularConversion,master,Channel-0\#ChannelRegularConversion,SamplingTime-0\#ChannelRegularConversion,OffsetNumber-0\#ChannelRegularConversion,NbrOfConversionFlag
RCC.HCLK3Freq_Value=32000000
ADC1.OffsetNumber-0\#ChannelRegularConversion=ADC_OFFSET_NONE
STM32_WPAN.AD_SERVICE_CLASS_UUID_1_INV=[0F, 18]
ProjectManager.DefaultFWLocation=true
VP_HSEM_VS_HSEM.Signal=HSEM_VS_HSEM
OSC_IN.Locked=true
ProjectManager.DeletePrevious=true
Dma.USART1_TX.0.Polarity=HAL_DMAMUX_REQ_GEN_RISING
STM32_WPAN.SERVICE1_CHAR1_GATT_NOTIFY_WRITE_REQ_AND_WAIT_FOR_APPL_RESP=\ 
PC0.Signal=ADCx_IN1
PC14-OSC32_IN.Signal=RCC_OSC32_IN
STM32_WPAN.SERVICE2_CHAR1_PROP_READ=CHAR_PROP_READ
RCC.FamilyName=M
STM32_WPAN.SERVICE2_CHAR1_PROP_NOTIFY=CHAR_PROP_NOTIFY
STM32_WPAN.AD_SERVICE_CLASS_UUID_2=18 0D
STM32_WPAN.AD_SERVICE_CLASS_UUID_1=18 0F
USART1.VirtualMode-Asynchronous=VM_ASYNC
PC15-OSC32_OUT.Locked=true
STM32_WPAN.SERVICE1_CHAR1_PROP_NOTIFY=CHAR_PROP_NOTIFY
ProjectManager.TargetToolchain=STM32CubeIDE
STM32_WPAN.LOCAL_NAME_FORMATTED=,'A','B','C','1','2','3'
Dma.USART1_TX.0.SyncEnable=DISABLE
RCC.HCLKRFFreq_Value=16000000
PB5.Locked=true
Dma.USART1_TX.0.RequestParameters=Instance,Direction,PeriphInc,MemInc,PeriphDataAlignment,MemDataAlignment,Mode,Priority,SignalID,Polarity,RequestNumber,SyncSignalID,SyncPolarity,SyncEnable,EventEnable,SyncRequestNumber
STM32_WPAN.CUSTOM_P2P_SERVER=Disabled
ProjectManager.RegisterCallBack=
OSC_IN.Signal=RCC_OSC_IN
RCC.USBFreq_Value=48000000
STM32_WPAN.SERVICE2_CHAR1_SHORT_NAME=val
PC15-OSC32_OUT.Signal=RCC_OSC32_OUT
RCC.PLLSAI1PoutputFreq_Value=48000000
PB1.Locked=true
RCC.SMPSCLockSelectionVirtual=RCC_SMPSCLKSOURCE_HSE
STM32_WPAN.SERVICE1_LONG_NAME=battery_service
Dma.USART1_TX.0.Mode=DMA_NORMAL
board=custom
STM32_WPAN.SERVICE1_CHAR1_GATT_NOTIFY_READ_REQ_AND_WAIT_FOR_APPL_RESP=\ 
VP_SEQUENCER_VS_SEQUENCER.Mode=SEQUENCER_Enabled
RCC.Cortex2Freq_Value=32000000
RCC.VCOOutputFreq_Value=32000000
ProjectManager.LastFirmware=true
RCC.SMPS1Freq_Value=16000000
STM32_WPAN.SERVICE2_CHAR1_VALUE_LENGTH=2
RCC.APB2Freq_Value=32000000
STM32_WPAN.AD_SERVICE_CLASS_UUID_2_INV=[0D, 18]
MxCube.Version=6.2.1
PCC.Ble.DataLength=6
RCC.I2C1Freq_Value=32000000
STM32_WPAN.CFG_BONDING_MODE=1
RCC.LCDFreq_Value=32768
RCC.RNGFreq_Value=32000
RCC.PLLSAI1QoutputFreq_Value=48000000
RCC.ADCFreq_Value=48000000
VP_SYS_VS_Systick.Mode=SysTick
NVIC.NonMaskableInt_IRQn=true\:0\:0\:false\:false\:true\:false\:false
OSC_OUT.Locked=true
ProjectManager.FreePins=false
RCC.IPParameters=ADCFreq_Value,AHBFreq_Value,APB1Freq_Value,APB1TimFreq_Value,APB2Freq_Value,APB2TimFreq_Value,APB3Freq_Value,Cortex2Freq_Value,CortexFreq_Value,FCLKCortexFreq_Value,FamilyName,HCLK3Freq_Value,HCLKFreq_Value,HCLKRFFreq_Value,HSE_VALUE,HSI48_VALUE,HSI_VALUE,I2C1Freq_Value,I2C3Freq_Value,LCDFreq_Value,LPTIM1Freq_Value,LPTIM2Freq_Value,LPUART1Freq_Value,LSCOPinFreq_Value,LSI_VALUE,MCO1PinFreq_Value,PLLPoutputFreq_Value,PLLQoutputFreq_Value,PLLRCLKFreq_Value,PLLSAI1N,PLLSAI1PoutputFreq_Value,PLLSAI1QoutputFreq_Value,PLLSAI1RoutputFreq_Value,PWRFreq_Value,RFWKPClockSelection,RFWKPFreq_Value,RNGFreq_Value,RTCClockSelection,RTCFreq_Value,SAI1Freq_Value,SMPS1Freq_Value,SMPSCLockSelectionVirtual,SMPSFreq_Value,SYSCLKFreq_VALUE,SYSCLKSource,USART1Freq_Value,USBFreq_Value,VCOInputFreq_Value,VCOOutputFreq_Value,VCOSAI1OutputFreq_Value
STM32_WPAN.SERVICE2_CHAR1_GATT_NOTIFY_READ_REQ_AND_WAIT_FOR_APPL_RESP=\ 
ProjectManager.AskForMigrate=true
Mcu.Name=STM32WB55RGVx
RCC.LPTIM2Freq_Value=32000000
ProjectManager.UnderRoot=true
Mcu.IP8=STM32_WPAN
Mcu.IP9=SYS
Mcu.IP6=RTC
Mcu.IP7=SEQUENCER
ProjectManager.CoupleFile=false
STM32_WPAN.SERVICE1_CHAR1_SHORT_NAME=bval
RCC.SYSCLKFreq_VALUE=32000000
PB5.Signal=GPIO_Output
ADC1.master=1
PCC.Ble.ConnectionInterval=1000.0
NVIC.ForceEnableDMAVector=true
KeepUserPlacement=false
OSC_IN.Mode=HSE-External-Oscillator
STM32_WPAN.SERVICE1_CHAR1_VALUE_LENGTH=2
NVIC.MemoryManagement_IRQn=true\:0\:0\:false\:false\:true\:false\:false
STM32_WPAN.IPParameters=LOCAL_NAME,LOCAL_NAME_FORMATTED,CFG_BONDING_MODE,CUSTOM_P2P_SERVER,CUSTOM_TEMPLATE,INCLUDE_AD_TYPE_16_BIT_SERV_UUID_CMPLT_LIST,INCLUDE_AD_TYPE_SHORTENED_LOCAL_NAME,AD_SERVICE_CLASS_UUID_NBR,AD_SERVICE_CLASS_UUID_1,AD_SERVICE_CLASS_UUID_1_INV,AD_SERVICE_CLASS_UUID_2,AD_SERVICE_CLASS_UUID_2_INV,NUMBER_OF_SERVICES,SERVICE2_UUID_TYPE,SERVICE2_UUID,SERVICE1_LONG_NAME,SERVICE1_SHORT_NAME,SERVICE2_LONG_NAME,SERVICE2_SHORT_NAME,SERVICE2_TYPE,SERVICE1_UUID_TYPE,SERVICE1_TYPE,SERVICE1_UUID,SERVICE1_CHAR1_LONG_NAME,SERVICE1_CHAR1_SHORT_NAME,SERVICE2_CHAR1_LONG_NAME,SERVICE2_CHAR1_SHORT_NAME,SERVICE2_CHAR1_UUID_TYPE,SERVICE2_CHAR1_UUID,SERVICE2_CHAR1_VALUE_LENGTH,SERVICE1_CHAR1_UUID_TYPE,SERVICE1_CHAR1_UUID,SERVICE1_CHAR1_PROP_READ,SERVICE1_CHAR1_PROP_NOTIFY,SERVICE1_CHAR1_VALUE_LENGTH,SERVICE2_CHAR1_PROP_READ,SERVICE2_CHAR1_PROP_NOTIFY,CFG_GAP_DEVICE_NAME,GAP_PERIPHERAL_ROLE,SERVICE1_CHAR1_GATT_NOTIFY_ATTRIBUTE_WRITE,SERVICE1_CHAR1_GATT_NOTIFY_WRITE_REQ_AND_WAIT_FOR_APPL_RESP,SERVICE1_CHAR1_GATT_NOTIFY_READ_REQ_AND_WAIT_FOR_APPL_RESP,SERVICE2_CHAR1_GATT_NOTIFY_ATTRIBUTE_WRITE,SERVICE2_CHAR1_GATT_NOTIFY_WRITE_REQ_AND_WAIT_FOR_APPL_RESP,SERVICE2_CHAR1_GATT_NOTIFY_READ_REQ_AND_WAIT_FOR_APPL_RESP
ProjectManager.CompilerOptimize=6
RF1.Mode=RF1_Activate
PB7.Mode=Asynchronous
Dma.USART1_TX.0.MemDataAlignment=DMA_MDATAALIGN_BYTE
ProjectManager.HeapSize=0x200
Mcu.Pin15=VP_SYS_VS_Systick
NVIC.HardFault_IRQn=true\:0\:0\:false\:false\:true\:false\:false
Mcu.Pin16=VP_TINY_LPM_VS_TINY_LPM
Mcu.Pin13=VP_SEQUENCER_VS_SEQUENCER
Mcu.Pin14=VP_STM32_WPAN_VS_BLE_HOST
ProjectManager.ComputerToolchain=false
RCC.HSI_VALUE=16000000
NVIC.PriorityGroup=NVIC_PRIORITYGROUP_4
ADC1.NbrOfConversionFlag=1
Mcu.Pin11=VP_HSEM_VS_HSEM
Mcu.Pin12=VP_RTC_VS_RTC_Activate
Mcu.Pin10=PB7
PB7.Locked=true
RCC.PWRFreq_Value=32000000
STM32_WPAN.SERVICE1_CHAR1_LONG_NAME=battery_value
VP_TINY_LPM_VS_TINY_LPM.Signal=TINY_LPM_VS_TINY_LPM
RCC.APB1Freq_Value=32000000
RCC.RFWKPClockSelection=RCC_RFWKPCLKSOURCE_LSE
PB0.Signal=GPIO_Output
PC0.Locked=true
ProjectManager.DeviceId=STM32WB55RGVx
ProjectManager.LibraryCopy=1
STM32_WPAN.SERVICE2_CHAR1_GATT_NOTIFY_ATTRIBUTE_WRITE=\ 
isbadioc=false
